
Microsoft Visual Studio Solution File, Format Version 12.00
# Visual Studio Version 16
VisualStudioVersion = 16.0.30225.117
MinimumVisualStudioVersion = 10.0.40219.1
Project("{2150E333-8FDC-42A3-9474-1A3956D46DE8}") = "Source", "Source", "{B6DB556C-69B4-417B-BF57-D964E3EF3BF9}"
EndProject
Project("{2150E333-8FDC-42A3-9474-1A3956D46DE8}") = "Pruebas", "Pruebas", "{0E6BD726-7D46-42AA-A709-3E6FC4CEDEB1}"
EndProject
Project("{9A19103F-16F7-4668-BE54-9A1E7A4F7556}") = "AutofacPruebas", "Source\Puebas\AutofacPruebas\AutofacPruebas.csproj", "{10360E54-8257-4F03-929C-24BB80362D66}"
EndProject
Project("{2150E333-8FDC-42A3-9474-1A3956D46DE8}") = "DDD", "DDD", "{A0018CF0-5187-470E-97B2-1F76A3562C9B}"
EndProject
Project("{9A19103F-16F7-4668-BE54-9A1E7A4F7556}") = "DeltaX.Domain.Common", "Source\DDD\DeltaX.Domain.Common\DeltaX.Domain.Common.csproj", "{0EF92264-3660-4BCE-85CE-A33AEACDA719}"
EndProject
Project("{2150E333-8FDC-42A3-9474-1A3956D46DE8}") = "tests", "tests", "{7AD14834-BF2E-4390-828B-57ACE6110D2B}"
EndProject
Project("{9A19103F-16F7-4668-BE54-9A1E7A4F7556}") = "DeltaX.Downtime.UnitTest", "tests\DeltaX.Downtime.UnitTest\DeltaX.Downtime.UnitTest.csproj", "{A37EBEB5-2BD1-4D73-84D7-F241D8EA319C}"
EndProject
Project("{2150E333-8FDC-42A3-9474-1A3956D46DE8}") = "Core", "Core", "{A4A13186-E1C5-401A-8474-96408AE3ADEF}"
EndProject
Project("{9A19103F-16F7-4668-BE54-9A1E7A4F7556}") = "DeltaX.Database", "Source\Core\DeltaX.Database\DeltaX.Database.csproj", "{241A831B-C6E8-4327-B7FB-C200C0BA061E}"
EndProject
Project("{9A19103F-16F7-4668-BE54-9A1E7A4F7556}") = "DeltaX.DapperSimpleCrud", "Source\Core\DeltaX.DapperSimpleCrud\DeltaX.DapperSimpleCrud.csproj", "{89D82779-B2CF-458D-8A01-58972F173615}"
EndProject
Project("{9A19103F-16F7-4668-BE54-9A1E7A4F7556}") = "DeltaX.Repository.Common", "Source\DDD\DeltaX.Repository.Common\DeltaX.Repository.Common.csproj", "{6A55FDB7-7518-4B86-8418-0965B132A4BE}"
EndProject
Project("{9A19103F-16F7-4668-BE54-9A1E7A4F7556}") = "DeltaX.Repository.DapperRepository", "Source\DDD\DeltaX.Repository.RepositoryDapper\DeltaX.Repository.DapperRepository.csproj", "{A81933CC-AB71-4990-8A3E-7087E68438AB}"
EndProject
Project("{9A19103F-16F7-4668-BE54-9A1E7A4F7556}") = "DeltaX.Downtime.Domain", "Source\Puebas\DeltaX.Downtime.Domain\DeltaX.Downtime.Domain.csproj", "{80EBA5CD-A10F-4D41-A170-A5B2D113EF0A}"
EndProject
Project("{9A19103F-16F7-4668-BE54-9A1E7A4F7556}") = "DeltaX.Downtime.DapperRepository", "Source\Puebas\DeltaX.Downtime.DapperRepository\DeltaX.Downtime.DapperRepository.csproj", "{3AC6CFA1-0BAB-492D-BAAB-06D26E3D784C}"
EndProject
Project("{9A19103F-16F7-4668-BE54-9A1E7A4F7556}") = "DeltaX.Downtime.Console", "Source\Puebas\DeltaX.Downtime.Console\DeltaX.Downtime.Console.csproj", "{1EF7CC81-E936-4E3A-9F32-B25B0F57BB6B}"
EndProject
Project("{9A19103F-16F7-4668-BE54-9A1E7A4F7556}") = "DeltaX.Utilities", "Source\Core\DeltaX.Utilities\DeltaX.Utilities.csproj", "{923072E6-8061-48A7-A477-9BEA618E7D0F}"
EndProject
Project("{FAE04EC0-301F-11D3-BF4B-00C04F79EFBC}") = "DeltaX.LinqExpression", "Source\Puebas\DeltaX.LinqExpression\DeltaX.LinqExpression.csproj", "{501E3C92-7AE3-4481-B186-F902DC0BDD34}"
EndProject
Global
	GlobalSection(SolutionConfigurationPlatforms) = preSolution
		Debug|Any CPU = Debug|Any CPU
		Release|Any CPU = Release|Any CPU
	EndGlobalSection
	GlobalSection(ProjectConfigurationPlatforms) = postSolution
		{10360E54-8257-4F03-929C-24BB80362D66}.Debug|Any CPU.ActiveCfg = Debug|Any CPU
		{10360E54-8257-4F03-929C-24BB80362D66}.Debug|Any CPU.Build.0 = Debug|Any CPU
		{10360E54-8257-4F03-929C-24BB80362D66}.Release|Any CPU.ActiveCfg = Release|Any CPU
		{10360E54-8257-4F03-929C-24BB80362D66}.Release|Any CPU.Build.0 = Release|Any CPU
		{0EF92264-3660-4BCE-85CE-A33AEACDA719}.Debug|Any CPU.ActiveCfg = Debug|Any CPU
		{0EF92264-3660-4BCE-85CE-A33AEACDA719}.Debug|Any CPU.Build.0 = Debug|Any CPU
		{0EF92264-3660-4BCE-85CE-A33AEACDA719}.Release|Any CPU.ActiveCfg = Release|Any CPU
		{0EF92264-3660-4BCE-85CE-A33AEACDA719}.Release|Any CPU.Build.0 = Release|Any CPU
		{A37EBEB5-2BD1-4D73-84D7-F241D8EA319C}.Debug|Any CPU.ActiveCfg = Debug|Any CPU
		{A37EBEB5-2BD1-4D73-84D7-F241D8EA319C}.Debug|Any CPU.Build.0 = Debug|Any CPU
		{A37EBEB5-2BD1-4D73-84D7-F241D8EA319C}.Release|Any CPU.ActiveCfg = Release|Any CPU
		{A37EBEB5-2BD1-4D73-84D7-F241D8EA319C}.Release|Any CPU.Build.0 = Release|Any CPU
		{241A831B-C6E8-4327-B7FB-C200C0BA061E}.Debug|Any CPU.ActiveCfg = Debug|Any CPU
		{241A831B-C6E8-4327-B7FB-C200C0BA061E}.Debug|Any CPU.Build.0 = Debug|Any CPU
		{241A831B-C6E8-4327-B7FB-C200C0BA061E}.Release|Any CPU.ActiveCfg = Release|Any CPU
		{241A831B-C6E8-4327-B7FB-C200C0BA061E}.Release|Any CPU.Build.0 = Release|Any CPU
		{89D82779-B2CF-458D-8A01-58972F173615}.Debug|Any CPU.ActiveCfg = Debug|Any CPU
		{89D82779-B2CF-458D-8A01-58972F173615}.Debug|Any CPU.Build.0 = Debug|Any CPU
		{89D82779-B2CF-458D-8A01-58972F173615}.Release|Any CPU.ActiveCfg = Release|Any CPU
		{89D82779-B2CF-458D-8A01-58972F173615}.Release|Any CPU.Build.0 = Release|Any CPU
		{6A55FDB7-7518-4B86-8418-0965B132A4BE}.Debug|Any CPU.ActiveCfg = Debug|Any CPU
		{6A55FDB7-7518-4B86-8418-0965B132A4BE}.Debug|Any CPU.Build.0 = Debug|Any CPU
		{6A55FDB7-7518-4B86-8418-0965B132A4BE}.Release|Any CPU.ActiveCfg = Release|Any CPU
		{6A55FDB7-7518-4B86-8418-0965B132A4BE}.Release|Any CPU.Build.0 = Release|Any CPU
		{A81933CC-AB71-4990-8A3E-7087E68438AB}.Debug|Any CPU.ActiveCfg = Debug|Any CPU
		{A81933CC-AB71-4990-8A3E-7087E68438AB}.Debug|Any CPU.Build.0 = Debug|Any CPU
		{A81933CC-AB71-4990-8A3E-7087E68438AB}.Release|Any CPU.ActiveCfg = Release|Any CPU
		{A81933CC-AB71-4990-8A3E-7087E68438AB}.Release|Any CPU.Build.0 = Release|Any CPU
		{80EBA5CD-A10F-4D41-A170-A5B2D113EF0A}.Debug|Any CPU.ActiveCfg = Debug|Any CPU
		{80EBA5CD-A10F-4D41-A170-A5B2D113EF0A}.Debug|Any CPU.Build.0 = Debug|Any CPU
		{80EBA5CD-A10F-4D41-A170-A5B2D113EF0A}.Release|Any CPU.ActiveCfg = Release|Any CPU
		{80EBA5CD-A10F-4D41-A170-A5B2D113EF0A}.Release|Any CPU.Build.0 = Release|Any CPU
		{3AC6CFA1-0BAB-492D-BAAB-06D26E3D784C}.Debug|Any CPU.ActiveCfg = Debug|Any CPU
		{3AC6CFA1-0BAB-492D-BAAB-06D26E3D784C}.Debug|Any CPU.Build.0 = Debug|Any CPU
		{3AC6CFA1-0BAB-492D-BAAB-06D26E3D784C}.Release|Any CPU.ActiveCfg = Release|Any CPU
		{3AC6CFA1-0BAB-492D-BAAB-06D26E3D784C}.Release|Any CPU.Build.0 = Release|Any CPU
		{1EF7CC81-E936-4E3A-9F32-B25B0F57BB6B}.Debug|Any CPU.ActiveCfg = Debug|Any CPU
		{1EF7CC81-E936-4E3A-9F32-B25B0F57BB6B}.Debug|Any CPU.Build.0 = Debug|Any CPU
		{1EF7CC81-E936-4E3A-9F32-B25B0F57BB6B}.Release|Any CPU.ActiveCfg = Release|Any CPU
		{1EF7CC81-E936-4E3A-9F32-B25B0F57BB6B}.Release|Any CPU.Build.0 = Release|Any CPU
		{923072E6-8061-48A7-A477-9BEA618E7D0F}.Debug|Any CPU.ActiveCfg = Debug|Any CPU
		{923072E6-8061-48A7-A477-9BEA618E7D0F}.Debug|Any CPU.Build.0 = Debug|Any CPU
		{923072E6-8061-48A7-A477-9BEA618E7D0F}.Release|Any CPU.ActiveCfg = Release|Any CPU
		{923072E6-8061-48A7-A477-9BEA618E7D0F}.Release|Any CPU.Build.0 = Release|Any CPU
		{501E3C92-7AE3-4481-B186-F902DC0BDD34}.Debug|Any CPU.ActiveCfg = Debug|Any CPU
		{501E3C92-7AE3-4481-B186-F902DC0BDD34}.Debug|Any CPU.Build.0 = Debug|Any CPU
		{501E3C92-7AE3-4481-B186-F902DC0BDD34}.Release|Any CPU.ActiveCfg = Release|Any CPU
		{501E3C92-7AE3-4481-B186-F902DC0BDD34}.Release|Any CPU.Build.0 = Release|Any CPU
	EndGlobalSection
	GlobalSection(SolutionProperties) = preSolution
		HideSolutionNode = FALSE
	EndGlobalSection
	GlobalSection(NestedProjects) = preSolution
		{0E6BD726-7D46-42AA-A709-3E6FC4CEDEB1} = {B6DB556C-69B4-417B-BF57-D964E3EF3BF9}
		{10360E54-8257-4F03-929C-24BB80362D66} = {0E6BD726-7D46-42AA-A709-3E6FC4CEDEB1}
		{A0018CF0-5187-470E-97B2-1F76A3562C9B} = {B6DB556C-69B4-417B-BF57-D964E3EF3BF9}
		{0EF92264-3660-4BCE-85CE-A33AEACDA719} = {A0018CF0-5187-470E-97B2-1F76A3562C9B}
		{7AD14834-BF2E-4390-828B-57ACE6110D2B} = {B6DB556C-69B4-417B-BF57-D964E3EF3BF9}
		{A37EBEB5-2BD1-4D73-84D7-F241D8EA319C} = {7AD14834-BF2E-4390-828B-57ACE6110D2B}
		{A4A13186-E1C5-401A-8474-96408AE3ADEF} = {B6DB556C-69B4-417B-BF57-D964E3EF3BF9}
		{241A831B-C6E8-4327-B7FB-C200C0BA061E} = {A4A13186-E1C5-401A-8474-96408AE3ADEF}
		{89D82779-B2CF-458D-8A01-58972F173615} = {A4A13186-E1C5-401A-8474-96408AE3ADEF}
		{6A55FDB7-7518-4B86-8418-0965B132A4BE} = {A0018CF0-5187-470E-97B2-1F76A3562C9B}
		{A81933CC-AB71-4990-8A3E-7087E68438AB} = {A0018CF0-5187-470E-97B2-1F76A3562C9B}
		{80EBA5CD-A10F-4D41-A170-A5B2D113EF0A} = {0E6BD726-7D46-42AA-A709-3E6FC4CEDEB1}
		{3AC6CFA1-0BAB-492D-BAAB-06D26E3D784C} = {0E6BD726-7D46-42AA-A709-3E6FC4CEDEB1}
		{1EF7CC81-E936-4E3A-9F32-B25B0F57BB6B} = {0E6BD726-7D46-42AA-A709-3E6FC4CEDEB1}
		{923072E6-8061-48A7-A477-9BEA618E7D0F} = {A4A13186-E1C5-401A-8474-96408AE3ADEF}
		{501E3C92-7AE3-4481-B186-F902DC0BDD34} = {0E6BD726-7D46-42AA-A709-3E6FC4CEDEB1}
	EndGlobalSection
	GlobalSection(ExtensibilityGlobals) = postSolution
		SolutionGuid = {8BCEA276-9D1F-494D-AA68-0C74100DE028}
	EndGlobalSection
EndGlobal
