
Microsoft Visual Studio Solution File, Format Version 12.00
# Visual Studio Version 16
VisualStudioVersion = 16.0.30225.117
MinimumVisualStudioVersion = 10.0.40219.1
Project("{2150E333-8FDC-42A3-9474-1A3956D46DE8}") = "Source", "Source", "{B6DB556C-69B4-417B-BF57-D964E3EF3BF9}"
EndProject
Project("{2150E333-8FDC-42A3-9474-1A3956D46DE8}") = "Pruebas", "Pruebas", "{0E6BD726-7D46-42AA-A709-3E6FC4CEDEB1}"
EndProject
Project("{9A19103F-16F7-4668-BE54-9A1E7A4F7556}") = "AutofacPruebas", "Source\Puebas\AutofacPruebas\AutofacPruebas.csproj", "{10360E54-8257-4F03-929C-24BB80362D66}"
EndProject
Project("{2150E333-8FDC-42A3-9474-1A3956D46DE8}") = "DDD", "DDD", "{A0018CF0-5187-470E-97B2-1F76A3562C9B}"
EndProject
Project("{9A19103F-16F7-4668-BE54-9A1E7A4F7556}") = "DeltaX.Domain.Common", "Source\DDD\DeltaX.Domain.Common\DeltaX.Domain.Common.csproj", "{0EF92264-3660-4BCE-85CE-A33AEACDA719}"
EndProject
Project("{2150E333-8FDC-42A3-9474-1A3956D46DE8}") = "tests", "tests", "{7AD14834-BF2E-4390-828B-57ACE6110D2B}"
EndProject
Project("{9A19103F-16F7-4668-BE54-9A1E7A4F7556}") = "DeltaX.Downtime.UnitTest", "tests\DeltaX.Downtime.UnitTest\DeltaX.Downtime.UnitTest.csproj", "{A37EBEB5-2BD1-4D73-84D7-F241D8EA319C}"
EndProject
Project("{2150E333-8FDC-42A3-9474-1A3956D46DE8}") = "Core", "Core", "{A4A13186-E1C5-401A-8474-96408AE3ADEF}"
EndProject
Project("{9A19103F-16F7-4668-BE54-9A1E7A4F7556}") = "DeltaX.Database", "Source\Core\DeltaX.Database\DeltaX.Database.csproj", "{241A831B-C6E8-4327-B7FB-C200C0BA061E}"
EndProject
Project("{9A19103F-16F7-4668-BE54-9A1E7A4F7556}") = "DeltaX.DapperSimpleCrud", "Source\Core\DeltaX.DapperSimpleCrud\DeltaX.DapperSimpleCrud.csproj", "{89D82779-B2CF-458D-8A01-58972F173615}"
EndProject
Project("{9A19103F-16F7-4668-BE54-9A1E7A4F7556}") = "DeltaX.Repository.Common", "Source\DDD\DeltaX.Repository.Common\DeltaX.Repository.Common.csproj", "{6A55FDB7-7518-4B86-8418-0965B132A4BE}"
EndProject
Project("{9A19103F-16F7-4668-BE54-9A1E7A4F7556}") = "DeltaX.Repository.DapperRepository", "Source\DDD\DeltaX.Repository.RepositoryDapper\DeltaX.Repository.DapperRepository.csproj", "{A81933CC-AB71-4990-8A3E-7087E68438AB}"
EndProject
Project("{9A19103F-16F7-4668-BE54-9A1E7A4F7556}") = "DeltaX.Downtime.Domain", "Source\Puebas\DeltaX.Downtime.Domain\DeltaX.Downtime.Domain.csproj", "{80EBA5CD-A10F-4D41-A170-A5B2D113EF0A}"
EndProject
Project("{9A19103F-16F7-4668-BE54-9A1E7A4F7556}") = "DeltaX.Downtime.DapperRepository", "Source\Puebas\DeltaX.Downtime.DapperRepository\DeltaX.Downtime.DapperRepository.csproj", "{3AC6CFA1-0BAB-492D-BAAB-06D26E3D784C}"
EndProject
Project("{9A19103F-16F7-4668-BE54-9A1E7A4F7556}") = "DeltaX.Downtime.Console", "Source\Puebas\DeltaX.Downtime.Console\DeltaX.Downtime.Console.csproj", "{1EF7CC81-E936-4E3A-9F32-B25B0F57BB6B}"
EndProject
Project("{9A19103F-16F7-4668-BE54-9A1E7A4F7556}") = "DeltaX.Utilities", "Source\Core\DeltaX.Utilities\DeltaX.Utilities.csproj", "{923072E6-8061-48A7-A477-9BEA618E7D0F}"
EndProject
Project("{9A19103F-16F7-4668-BE54-9A1E7A4F7556}") = "DeltaX.LinqExpression", "Source\Puebas\DeltaX.LinqExpression\DeltaX.LinqExpression.csproj", "{501E3C92-7AE3-4481-B186-F902DC0BDD34}"
EndProject
Project("{9A19103F-16F7-4668-BE54-9A1E7A4F7556}") = "DeltaX.DeltaTransactionTest", "Source\Puebas\DeltaX.DeltaTransactionTest\DeltaX.DeltaTransactionTest.csproj", "{553467CB-6566-417E-B7FC-2DC21CD6B6BD}"
EndProject
Project("{9A19103F-16F7-4668-BE54-9A1E7A4F7556}") = "DeltaX.CacheItems", "Source\Core\DeltaX.CacheItems\DeltaX.CacheItems.csproj", "{9DEA4D2E-F099-4AD3-867E-E597EB4D3941}"
EndProject
Project("{9A19103F-16F7-4668-BE54-9A1E7A4F7556}") = "DeltaX.Downtime.Application", "Source\Puebas\DeltaX.Downtime.Application\DeltaX.Downtime.Application.csproj", "{E71C9932-B8AC-4B09-BE7B-4FDFC8047A46}"
EndProject
Project("{9A19103F-16F7-4668-BE54-9A1E7A4F7556}") = "DeltaX.JsonRpc", "Source\Core\DeltaX.JsonRpc\DeltaX.JsonRpc.csproj", "{98761349-59A8-466C-A69C-21DB3BB7689E}"
EndProject
Project("{2150E333-8FDC-42A3-9474-1A3956D46DE8}") = "Connections", "Connections", "{EE56762E-BFD1-441B-A9E7-BE496ED63617}"
EndProject
Project("{9A19103F-16F7-4668-BE54-9A1E7A4F7556}") = "DeltaX.HttpServer", "Source\Connections\DeltaX.HttpServer\DeltaX.HttpServer.csproj", "{37FF2BCF-0010-447F-A1B5-01BFA53DF960}"
EndProject
Project("{9A19103F-16F7-4668-BE54-9A1E7A4F7556}") = "DeltaX.JsonRpc.HttpConnection", "Source\Connections\DeltaX.JsonRpc.HttpConnection\DeltaX.JsonRpc.HttpConnection.csproj", "{A95AB006-1A76-4E71-97D4-5DAF61D30F1B}"
EndProject
Project("{9A19103F-16F7-4668-BE54-9A1E7A4F7556}") = "DeltaX.JsonRpcHttpTest", "Source\Puebas\DeltaX.JsonRpcHttpTest\DeltaX.JsonRpcHttpTest.csproj", "{177F6649-657C-4AF3-9D71-46C41B460DC8}"
EndProject
Project("{9A19103F-16F7-4668-BE54-9A1E7A4F7556}") = "DeltaX.JsonRpc.MqttConnection", "Source\Connections\DeltaX.JsonRpc.MqttConnection\DeltaX.JsonRpc.MqttConnection.csproj", "{E51AB774-2FF6-44B3-BD02-CA6FD37E77BF}"
EndProject
Project("{9A19103F-16F7-4668-BE54-9A1E7A4F7556}") = "DeltaX.BaseConfiguration", "Source\Core\DeltaX.BaseConfiguration\DeltaX.BaseConfiguration.csproj", "{781EC50F-DE8C-4B89-A6AB-B9DA902A309C}"
EndProject
Project("{9A19103F-16F7-4668-BE54-9A1E7A4F7556}") = "DeltaX.MqttClientHelper", "Source\Connections\DeltaX.MqttClientHelper\DeltaX.MqttClientHelper.csproj", "{07083D8C-62CD-4EAE-BD52-4A543D44B9CA}"
EndProject
Project("{9A19103F-16F7-4668-BE54-9A1E7A4F7556}") = "DeltaX.JsonRpcMqttTest", "Source\Puebas\DeltaX.JsonRpcMqtt\DeltaX.JsonRpcMqttTest.csproj", "{E1BE5706-D4CC-466F-89EF-0D8E4645A009}"
EndProject
Project("{9A19103F-16F7-4668-BE54-9A1E7A4F7556}") = "DeltaX.WebSocket", "Source\Connections\DeltaX.WebSocket\DeltaX.WebSocket.csproj", "{31D1BA90-9798-480D-8614-034E9DEEEAC1}"
EndProject
Project("{9A19103F-16F7-4668-BE54-9A1E7A4F7556}") = "DeltaX.JsonRpc.WebSocketConnection", "Source\Connections\DeltaX.JsonRpc.WebSocketConnection\DeltaX.JsonRpc.WebSocketConnection.csproj", "{7A9BD111-533F-48DC-9174-BF2ED6A54E45}"
EndProject
Project("{9A19103F-16F7-4668-BE54-9A1E7A4F7556}") = "DeltaX.ReactiveDataTest", "Source\Puebas\DeltaX.ReactiveDataTest\DeltaX.ReactiveDataTest.csproj", "{8BE8FD75-98B8-45A5-9417-C185C3791C23}"
EndProject
Project("{9A19103F-16F7-4668-BE54-9A1E7A4F7556}") = "DeltaX.ApiRestLongPollingTest", "Source\Puebas\DeltaX.ApiRestLongPollingTest\DeltaX.ApiRestLongPollingTest.csproj", "{7628562E-A5AD-450E-8E85-9F21D1CFA0FA}"
EndProject
Project("{2150E333-8FDC-42A3-9474-1A3956D46DE8}") = "UI", "UI", "{7D80E6CB-A702-4CA1-9F23-6AFC550306B8}"
EndProject
Project("{9A19103F-16F7-4668-BE54-9A1E7A4F7556}") = "DeltaX.VueDefaultTemplate", "Source\UI\DeltaX.VueDefaultTemplate\DeltaX.VueDefaultTemplate.csproj", "{48449E05-8555-4CD3-A647-F6DF0376F021}"
EndProject
Project("{9A19103F-16F7-4668-BE54-9A1E7A4F7556}") = "DeltaX.GenericReportDb", "Source\UI\DeltaX.GenericReportDb\DeltaX.GenericReportDb.csproj", "{96A20ABE-85A8-4386-B181-2F1C51C7DA3F}"
EndProject
Global
	GlobalSection(SolutionConfigurationPlatforms) = preSolution
		Debug|Any CPU = Debug|Any CPU
		Release|Any CPU = Release|Any CPU
	EndGlobalSection
	GlobalSection(ProjectConfigurationPlatforms) = postSolution
		{10360E54-8257-4F03-929C-24BB80362D66}.Debug|Any CPU.ActiveCfg = Debug|Any CPU
		{10360E54-8257-4F03-929C-24BB80362D66}.Debug|Any CPU.Build.0 = Debug|Any CPU
		{10360E54-8257-4F03-929C-24BB80362D66}.Release|Any CPU.ActiveCfg = Release|Any CPU
		{10360E54-8257-4F03-929C-24BB80362D66}.Release|Any CPU.Build.0 = Release|Any CPU
		{0EF92264-3660-4BCE-85CE-A33AEACDA719}.Debug|Any CPU.ActiveCfg = Debug|Any CPU
		{0EF92264-3660-4BCE-85CE-A33AEACDA719}.Debug|Any CPU.Build.0 = Debug|Any CPU
		{0EF92264-3660-4BCE-85CE-A33AEACDA719}.Release|Any CPU.ActiveCfg = Release|Any CPU
		{0EF92264-3660-4BCE-85CE-A33AEACDA719}.Release|Any CPU.Build.0 = Release|Any CPU
		{A37EBEB5-2BD1-4D73-84D7-F241D8EA319C}.Debug|Any CPU.ActiveCfg = Debug|Any CPU
		{A37EBEB5-2BD1-4D73-84D7-F241D8EA319C}.Debug|Any CPU.Build.0 = Debug|Any CPU
		{A37EBEB5-2BD1-4D73-84D7-F241D8EA319C}.Release|Any CPU.ActiveCfg = Release|Any CPU
		{A37EBEB5-2BD1-4D73-84D7-F241D8EA319C}.Release|Any CPU.Build.0 = Release|Any CPU
		{241A831B-C6E8-4327-B7FB-C200C0BA061E}.Debug|Any CPU.ActiveCfg = Debug|Any CPU
		{241A831B-C6E8-4327-B7FB-C200C0BA061E}.Debug|Any CPU.Build.0 = Debug|Any CPU
		{241A831B-C6E8-4327-B7FB-C200C0BA061E}.Release|Any CPU.ActiveCfg = Release|Any CPU
		{241A831B-C6E8-4327-B7FB-C200C0BA061E}.Release|Any CPU.Build.0 = Release|Any CPU
		{89D82779-B2CF-458D-8A01-58972F173615}.Debug|Any CPU.ActiveCfg = Debug|Any CPU
		{89D82779-B2CF-458D-8A01-58972F173615}.Debug|Any CPU.Build.0 = Debug|Any CPU
		{89D82779-B2CF-458D-8A01-58972F173615}.Release|Any CPU.ActiveCfg = Release|Any CPU
		{89D82779-B2CF-458D-8A01-58972F173615}.Release|Any CPU.Build.0 = Release|Any CPU
		{6A55FDB7-7518-4B86-8418-0965B132A4BE}.Debug|Any CPU.ActiveCfg = Debug|Any CPU
		{6A55FDB7-7518-4B86-8418-0965B132A4BE}.Debug|Any CPU.Build.0 = Debug|Any CPU
		{6A55FDB7-7518-4B86-8418-0965B132A4BE}.Release|Any CPU.ActiveCfg = Release|Any CPU
		{6A55FDB7-7518-4B86-8418-0965B132A4BE}.Release|Any CPU.Build.0 = Release|Any CPU
		{A81933CC-AB71-4990-8A3E-7087E68438AB}.Debug|Any CPU.ActiveCfg = Debug|Any CPU
		{A81933CC-AB71-4990-8A3E-7087E68438AB}.Debug|Any CPU.Build.0 = Debug|Any CPU
		{A81933CC-AB71-4990-8A3E-7087E68438AB}.Release|Any CPU.ActiveCfg = Release|Any CPU
		{A81933CC-AB71-4990-8A3E-7087E68438AB}.Release|Any CPU.Build.0 = Release|Any CPU
		{80EBA5CD-A10F-4D41-A170-A5B2D113EF0A}.Debug|Any CPU.ActiveCfg = Debug|Any CPU
		{80EBA5CD-A10F-4D41-A170-A5B2D113EF0A}.Debug|Any CPU.Build.0 = Debug|Any CPU
		{80EBA5CD-A10F-4D41-A170-A5B2D113EF0A}.Release|Any CPU.ActiveCfg = Release|Any CPU
		{80EBA5CD-A10F-4D41-A170-A5B2D113EF0A}.Release|Any CPU.Build.0 = Release|Any CPU
		{3AC6CFA1-0BAB-492D-BAAB-06D26E3D784C}.Debug|Any CPU.ActiveCfg = Debug|Any CPU
		{3AC6CFA1-0BAB-492D-BAAB-06D26E3D784C}.Debug|Any CPU.Build.0 = Debug|Any CPU
		{3AC6CFA1-0BAB-492D-BAAB-06D26E3D784C}.Release|Any CPU.ActiveCfg = Release|Any CPU
		{3AC6CFA1-0BAB-492D-BAAB-06D26E3D784C}.Release|Any CPU.Build.0 = Release|Any CPU
		{1EF7CC81-E936-4E3A-9F32-B25B0F57BB6B}.Debug|Any CPU.ActiveCfg = Debug|Any CPU
		{1EF7CC81-E936-4E3A-9F32-B25B0F57BB6B}.Debug|Any CPU.Build.0 = Debug|Any CPU
		{1EF7CC81-E936-4E3A-9F32-B25B0F57BB6B}.Release|Any CPU.ActiveCfg = Release|Any CPU
		{1EF7CC81-E936-4E3A-9F32-B25B0F57BB6B}.Release|Any CPU.Build.0 = Release|Any CPU
		{923072E6-8061-48A7-A477-9BEA618E7D0F}.Debug|Any CPU.ActiveCfg = Debug|Any CPU
		{923072E6-8061-48A7-A477-9BEA618E7D0F}.Debug|Any CPU.Build.0 = Debug|Any CPU
		{923072E6-8061-48A7-A477-9BEA618E7D0F}.Release|Any CPU.ActiveCfg = Release|Any CPU
		{923072E6-8061-48A7-A477-9BEA618E7D0F}.Release|Any CPU.Build.0 = Release|Any CPU
		{501E3C92-7AE3-4481-B186-F902DC0BDD34}.Debug|Any CPU.ActiveCfg = Debug|Any CPU
		{501E3C92-7AE3-4481-B186-F902DC0BDD34}.Debug|Any CPU.Build.0 = Debug|Any CPU
		{501E3C92-7AE3-4481-B186-F902DC0BDD34}.Release|Any CPU.ActiveCfg = Release|Any CPU
		{501E3C92-7AE3-4481-B186-F902DC0BDD34}.Release|Any CPU.Build.0 = Release|Any CPU
		{553467CB-6566-417E-B7FC-2DC21CD6B6BD}.Debug|Any CPU.ActiveCfg = Debug|Any CPU
		{553467CB-6566-417E-B7FC-2DC21CD6B6BD}.Debug|Any CPU.Build.0 = Debug|Any CPU
		{553467CB-6566-417E-B7FC-2DC21CD6B6BD}.Release|Any CPU.ActiveCfg = Release|Any CPU
		{553467CB-6566-417E-B7FC-2DC21CD6B6BD}.Release|Any CPU.Build.0 = Release|Any CPU
		{9DEA4D2E-F099-4AD3-867E-E597EB4D3941}.Debug|Any CPU.ActiveCfg = Debug|Any CPU
		{9DEA4D2E-F099-4AD3-867E-E597EB4D3941}.Debug|Any CPU.Build.0 = Debug|Any CPU
		{9DEA4D2E-F099-4AD3-867E-E597EB4D3941}.Release|Any CPU.ActiveCfg = Release|Any CPU
		{9DEA4D2E-F099-4AD3-867E-E597EB4D3941}.Release|Any CPU.Build.0 = Release|Any CPU
		{E71C9932-B8AC-4B09-BE7B-4FDFC8047A46}.Debug|Any CPU.ActiveCfg = Debug|Any CPU
		{E71C9932-B8AC-4B09-BE7B-4FDFC8047A46}.Debug|Any CPU.Build.0 = Debug|Any CPU
		{E71C9932-B8AC-4B09-BE7B-4FDFC8047A46}.Release|Any CPU.ActiveCfg = Release|Any CPU
		{E71C9932-B8AC-4B09-BE7B-4FDFC8047A46}.Release|Any CPU.Build.0 = Release|Any CPU
		{98761349-59A8-466C-A69C-21DB3BB7689E}.Debug|Any CPU.ActiveCfg = Debug|Any CPU
		{98761349-59A8-466C-A69C-21DB3BB7689E}.Debug|Any CPU.Build.0 = Debug|Any CPU
		{98761349-59A8-466C-A69C-21DB3BB7689E}.Release|Any CPU.ActiveCfg = Release|Any CPU
		{98761349-59A8-466C-A69C-21DB3BB7689E}.Release|Any CPU.Build.0 = Release|Any CPU
		{37FF2BCF-0010-447F-A1B5-01BFA53DF960}.Debug|Any CPU.ActiveCfg = Debug|Any CPU
		{37FF2BCF-0010-447F-A1B5-01BFA53DF960}.Debug|Any CPU.Build.0 = Debug|Any CPU
		{37FF2BCF-0010-447F-A1B5-01BFA53DF960}.Release|Any CPU.ActiveCfg = Release|Any CPU
		{37FF2BCF-0010-447F-A1B5-01BFA53DF960}.Release|Any CPU.Build.0 = Release|Any CPU
		{A95AB006-1A76-4E71-97D4-5DAF61D30F1B}.Debug|Any CPU.ActiveCfg = Debug|Any CPU
		{A95AB006-1A76-4E71-97D4-5DAF61D30F1B}.Debug|Any CPU.Build.0 = Debug|Any CPU
		{A95AB006-1A76-4E71-97D4-5DAF61D30F1B}.Release|Any CPU.ActiveCfg = Release|Any CPU
		{A95AB006-1A76-4E71-97D4-5DAF61D30F1B}.Release|Any CPU.Build.0 = Release|Any CPU
		{177F6649-657C-4AF3-9D71-46C41B460DC8}.Debug|Any CPU.ActiveCfg = Debug|Any CPU
		{177F6649-657C-4AF3-9D71-46C41B460DC8}.Debug|Any CPU.Build.0 = Debug|Any CPU
		{177F6649-657C-4AF3-9D71-46C41B460DC8}.Release|Any CPU.ActiveCfg = Release|Any CPU
		{177F6649-657C-4AF3-9D71-46C41B460DC8}.Release|Any CPU.Build.0 = Release|Any CPU
		{E51AB774-2FF6-44B3-BD02-CA6FD37E77BF}.Debug|Any CPU.ActiveCfg = Debug|Any CPU
		{E51AB774-2FF6-44B3-BD02-CA6FD37E77BF}.Debug|Any CPU.Build.0 = Debug|Any CPU
		{E51AB774-2FF6-44B3-BD02-CA6FD37E77BF}.Release|Any CPU.ActiveCfg = Release|Any CPU
		{E51AB774-2FF6-44B3-BD02-CA6FD37E77BF}.Release|Any CPU.Build.0 = Release|Any CPU
		{781EC50F-DE8C-4B89-A6AB-B9DA902A309C}.Debug|Any CPU.ActiveCfg = Debug|Any CPU
		{781EC50F-DE8C-4B89-A6AB-B9DA902A309C}.Debug|Any CPU.Build.0 = Debug|Any CPU
		{781EC50F-DE8C-4B89-A6AB-B9DA902A309C}.Release|Any CPU.ActiveCfg = Release|Any CPU
		{781EC50F-DE8C-4B89-A6AB-B9DA902A309C}.Release|Any CPU.Build.0 = Release|Any CPU
		{07083D8C-62CD-4EAE-BD52-4A543D44B9CA}.Debug|Any CPU.ActiveCfg = Debug|Any CPU
		{07083D8C-62CD-4EAE-BD52-4A543D44B9CA}.Debug|Any CPU.Build.0 = Debug|Any CPU
		{07083D8C-62CD-4EAE-BD52-4A543D44B9CA}.Release|Any CPU.ActiveCfg = Release|Any CPU
		{07083D8C-62CD-4EAE-BD52-4A543D44B9CA}.Release|Any CPU.Build.0 = Release|Any CPU
		{E1BE5706-D4CC-466F-89EF-0D8E4645A009}.Debug|Any CPU.ActiveCfg = Debug|Any CPU
		{E1BE5706-D4CC-466F-89EF-0D8E4645A009}.Debug|Any CPU.Build.0 = Debug|Any CPU
		{E1BE5706-D4CC-466F-89EF-0D8E4645A009}.Release|Any CPU.ActiveCfg = Release|Any CPU
		{E1BE5706-D4CC-466F-89EF-0D8E4645A009}.Release|Any CPU.Build.0 = Release|Any CPU
		{31D1BA90-9798-480D-8614-034E9DEEEAC1}.Debug|Any CPU.ActiveCfg = Debug|Any CPU
		{31D1BA90-9798-480D-8614-034E9DEEEAC1}.Debug|Any CPU.Build.0 = Debug|Any CPU
		{31D1BA90-9798-480D-8614-034E9DEEEAC1}.Release|Any CPU.ActiveCfg = Release|Any CPU
		{31D1BA90-9798-480D-8614-034E9DEEEAC1}.Release|Any CPU.Build.0 = Release|Any CPU
		{7A9BD111-533F-48DC-9174-BF2ED6A54E45}.Debug|Any CPU.ActiveCfg = Debug|Any CPU
		{7A9BD111-533F-48DC-9174-BF2ED6A54E45}.Debug|Any CPU.Build.0 = Debug|Any CPU
		{7A9BD111-533F-48DC-9174-BF2ED6A54E45}.Release|Any CPU.ActiveCfg = Release|Any CPU
		{7A9BD111-533F-48DC-9174-BF2ED6A54E45}.Release|Any CPU.Build.0 = Release|Any CPU
		{8BE8FD75-98B8-45A5-9417-C185C3791C23}.Debug|Any CPU.ActiveCfg = Debug|Any CPU
		{8BE8FD75-98B8-45A5-9417-C185C3791C23}.Debug|Any CPU.Build.0 = Debug|Any CPU
		{8BE8FD75-98B8-45A5-9417-C185C3791C23}.Release|Any CPU.ActiveCfg = Release|Any CPU
		{8BE8FD75-98B8-45A5-9417-C185C3791C23}.Release|Any CPU.Build.0 = Release|Any CPU
		{7628562E-A5AD-450E-8E85-9F21D1CFA0FA}.Debug|Any CPU.ActiveCfg = Debug|Any CPU
		{7628562E-A5AD-450E-8E85-9F21D1CFA0FA}.Debug|Any CPU.Build.0 = Debug|Any CPU
		{7628562E-A5AD-450E-8E85-9F21D1CFA0FA}.Release|Any CPU.ActiveCfg = Release|Any CPU
		{7628562E-A5AD-450E-8E85-9F21D1CFA0FA}.Release|Any CPU.Build.0 = Release|Any CPU
		{48449E05-8555-4CD3-A647-F6DF0376F021}.Debug|Any CPU.ActiveCfg = Debug|Any CPU
		{48449E05-8555-4CD3-A647-F6DF0376F021}.Debug|Any CPU.Build.0 = Debug|Any CPU
		{48449E05-8555-4CD3-A647-F6DF0376F021}.Release|Any CPU.ActiveCfg = Release|Any CPU
		{48449E05-8555-4CD3-A647-F6DF0376F021}.Release|Any CPU.Build.0 = Release|Any CPU
		{96A20ABE-85A8-4386-B181-2F1C51C7DA3F}.Debug|Any CPU.ActiveCfg = Debug|Any CPU
		{96A20ABE-85A8-4386-B181-2F1C51C7DA3F}.Debug|Any CPU.Build.0 = Debug|Any CPU
		{96A20ABE-85A8-4386-B181-2F1C51C7DA3F}.Release|Any CPU.ActiveCfg = Release|Any CPU
		{96A20ABE-85A8-4386-B181-2F1C51C7DA3F}.Release|Any CPU.Build.0 = Release|Any CPU
	EndGlobalSection
	GlobalSection(SolutionProperties) = preSolution
		HideSolutionNode = FALSE
	EndGlobalSection
	GlobalSection(NestedProjects) = preSolution
		{0E6BD726-7D46-42AA-A709-3E6FC4CEDEB1} = {B6DB556C-69B4-417B-BF57-D964E3EF3BF9}
		{10360E54-8257-4F03-929C-24BB80362D66} = {0E6BD726-7D46-42AA-A709-3E6FC4CEDEB1}
		{A0018CF0-5187-470E-97B2-1F76A3562C9B} = {B6DB556C-69B4-417B-BF57-D964E3EF3BF9}
		{0EF92264-3660-4BCE-85CE-A33AEACDA719} = {A0018CF0-5187-470E-97B2-1F76A3562C9B}
		{7AD14834-BF2E-4390-828B-57ACE6110D2B} = {B6DB556C-69B4-417B-BF57-D964E3EF3BF9}
		{A37EBEB5-2BD1-4D73-84D7-F241D8EA319C} = {7AD14834-BF2E-4390-828B-57ACE6110D2B}
		{A4A13186-E1C5-401A-8474-96408AE3ADEF} = {B6DB556C-69B4-417B-BF57-D964E3EF3BF9}
		{241A831B-C6E8-4327-B7FB-C200C0BA061E} = {A4A13186-E1C5-401A-8474-96408AE3ADEF}
		{89D82779-B2CF-458D-8A01-58972F173615} = {A4A13186-E1C5-401A-8474-96408AE3ADEF}
		{6A55FDB7-7518-4B86-8418-0965B132A4BE} = {A0018CF0-5187-470E-97B2-1F76A3562C9B}
		{A81933CC-AB71-4990-8A3E-7087E68438AB} = {A0018CF0-5187-470E-97B2-1F76A3562C9B}
		{80EBA5CD-A10F-4D41-A170-A5B2D113EF0A} = {0E6BD726-7D46-42AA-A709-3E6FC4CEDEB1}
		{3AC6CFA1-0BAB-492D-BAAB-06D26E3D784C} = {0E6BD726-7D46-42AA-A709-3E6FC4CEDEB1}
		{1EF7CC81-E936-4E3A-9F32-B25B0F57BB6B} = {0E6BD726-7D46-42AA-A709-3E6FC4CEDEB1}
		{923072E6-8061-48A7-A477-9BEA618E7D0F} = {A4A13186-E1C5-401A-8474-96408AE3ADEF}
		{501E3C92-7AE3-4481-B186-F902DC0BDD34} = {0E6BD726-7D46-42AA-A709-3E6FC4CEDEB1}
		{553467CB-6566-417E-B7FC-2DC21CD6B6BD} = {0E6BD726-7D46-42AA-A709-3E6FC4CEDEB1}
		{9DEA4D2E-F099-4AD3-867E-E597EB4D3941} = {A4A13186-E1C5-401A-8474-96408AE3ADEF}
		{E71C9932-B8AC-4B09-BE7B-4FDFC8047A46} = {0E6BD726-7D46-42AA-A709-3E6FC4CEDEB1}
		{98761349-59A8-466C-A69C-21DB3BB7689E} = {A4A13186-E1C5-401A-8474-96408AE3ADEF}
		{EE56762E-BFD1-441B-A9E7-BE496ED63617} = {B6DB556C-69B4-417B-BF57-D964E3EF3BF9}
		{37FF2BCF-0010-447F-A1B5-01BFA53DF960} = {EE56762E-BFD1-441B-A9E7-BE496ED63617}
		{A95AB006-1A76-4E71-97D4-5DAF61D30F1B} = {EE56762E-BFD1-441B-A9E7-BE496ED63617}
		{177F6649-657C-4AF3-9D71-46C41B460DC8} = {0E6BD726-7D46-42AA-A709-3E6FC4CEDEB1}
		{E51AB774-2FF6-44B3-BD02-CA6FD37E77BF} = {EE56762E-BFD1-441B-A9E7-BE496ED63617}
		{781EC50F-DE8C-4B89-A6AB-B9DA902A309C} = {A4A13186-E1C5-401A-8474-96408AE3ADEF}
		{07083D8C-62CD-4EAE-BD52-4A543D44B9CA} = {EE56762E-BFD1-441B-A9E7-BE496ED63617}
		{E1BE5706-D4CC-466F-89EF-0D8E4645A009} = {0E6BD726-7D46-42AA-A709-3E6FC4CEDEB1}
		{31D1BA90-9798-480D-8614-034E9DEEEAC1} = {EE56762E-BFD1-441B-A9E7-BE496ED63617}
		{7A9BD111-533F-48DC-9174-BF2ED6A54E45} = {EE56762E-BFD1-441B-A9E7-BE496ED63617}
		{8BE8FD75-98B8-45A5-9417-C185C3791C23} = {0E6BD726-7D46-42AA-A709-3E6FC4CEDEB1}
		{7628562E-A5AD-450E-8E85-9F21D1CFA0FA} = {0E6BD726-7D46-42AA-A709-3E6FC4CEDEB1}
		{7D80E6CB-A702-4CA1-9F23-6AFC550306B8} = {B6DB556C-69B4-417B-BF57-D964E3EF3BF9}
		{48449E05-8555-4CD3-A647-F6DF0376F021} = {7D80E6CB-A702-4CA1-9F23-6AFC550306B8}
		{96A20ABE-85A8-4386-B181-2F1C51C7DA3F} = {7D80E6CB-A702-4CA1-9F23-6AFC550306B8}
	EndGlobalSection
	GlobalSection(ExtensibilityGlobals) = postSolution
		SolutionGuid = {8BCEA276-9D1F-494D-AA68-0C74100DE028}
	EndGlobalSection
EndGlobal
